
Microsoft Visual Studio Solution File, Format Version 12.00
# Visual Studio Version 16
VisualStudioVersion = 16.0.35425.106
MinimumVisualStudioVersion = 10.0.40219.1
Project("{FAE04EC0-301F-11D3-BF4B-00C04F79EFBC}") = "RAFSimulation", "RAFSimulation\RAFSimulation.csproj", "{E30CEAC8-A0D2-4B3B-8B64-E5F68960CC0A}"
EndProject
Global
	GlobalSection(SolutionConfigurationPlatforms) = preSolution
		Debug|Any CPU = Debug|Any CPU
		Release|Any CPU = Release|Any CPU
	EndGlobalSection
	GlobalSection(ProjectConfigurationPlatforms) = postSolution
		{E30CEAC8-A0D2-4B3B-8B64-E5F68960CC0A}.Debug|Any CPU.ActiveCfg = Debug|Any CPU
		{E30CEAC8-A0D2-4B3B-8B64-E5F68960CC0A}.Debug|Any CPU.Build.0 = Debug|Any CPU
		{E30CEAC8-A0D2-4B3B-8B64-E5F68960CC0A}.Release|Any CPU.ActiveCfg = Release|Any CPU
		{E30CEAC8-A0D2-4B3B-8B64-E5F68960CC0A}.Release|Any CPU.Build.0 = Release|Any CPU
	EndGlobalSection
	GlobalSection(SolutionProperties) = preSolution
		HideSolutionNode = FALSE
	EndGlobalSection
	GlobalSection(ExtensibilityGlobals) = postSolution
		SolutionGuid = {3EE2870F-0033-4720-A14C-08851D59B010}
	EndGlobalSection
EndGlobal
